github.com/fedesog/webdriver v0.0.0-20180606182539-99f36c92eaef h1:0z8rB8nAGEso7PhKS21wBjjxTp2uGPyZ6STzRc7mnBY=
github.com/fedesog/webdriver v0.0.0-20180606182539-99f36c92eaef/go.mod h1:RUn/EmpfFIGHvmeXmh+hk1UaCbjOXa6vl7/kx1b6wxw=
github.com/gorilla/websocket v1.4.2 h1:+/TMaTYc4QFitKJxsQ7Yye35DkWvkdLcvGKqM+x0Ufc=
github.com/gorilla/websocket v1.4.2/go.mod h1:YR8l580nyteQvAITg2hZ9XVh4b55+EU/adAjf1fMHhE=
gopkg.in/check.v1 v0.0.0-20161208181325-20d25e280405/go.mod h1:Co6ibVJAznAaIkqp8huTwlJQCZ016jof/cbN4VW5Yz0=
gopkg.in/yaml.v2 v2.3.0 h1:clyUAQHOM3G0M3f5vQj7LuJrETvjVot3Z5el9nffUtU=
gopkg.in/yaml.v2 v2.3.0/go.mod h1:hI93XBmqTisBFMUTm0b8Fm+jr3Dg1NNxqwp+5A1VGuI=
